
Microsoft Visual Studio Solution File, Format Version 12.00
# Visual Studio Version 17
VisualStudioVersion = 17.3.32929.385
MinimumVisualStudioVersion = 10.0.40219.1
Project("{2150E333-8FDC-42A3-9474-1A3956D46DE8}") = "BookingService", "BookingService", "{3AA99714-FA49-4BAB-A36A-DDF3C3E8544A}"
EndProject
Project("{2150E333-8FDC-42A3-9474-1A3956D46DE8}") = "PaymantService", "PaymantService", "{7A58CE81-9DC0-44DA-B08C-668CABD5F57A}"
EndProject
Project("{2150E333-8FDC-42A3-9474-1A3956D46DE8}") = "Core", "Core", "{9E8C58D0-E39D-4221-99EE-7686310C6A41}"
EndProject
Project("{2150E333-8FDC-42A3-9474-1A3956D46DE8}") = "Domain", "Domain", "{F8704E35-0FD5-4FE6-81B2-092F4D890B07}"
EndProject
Project("{2150E333-8FDC-42A3-9474-1A3956D46DE8}") = "Application", "Application", "{E7B1DA56-27E4-4292-9B28-C95023C01A56}"
EndProject
Project("{2150E333-8FDC-42A3-9474-1A3956D46DE8}") = "Adapters", "Adapters", "{1EEFBDBE-40F5-45F9-94B0-CC718A4C6B5C}"
EndProject
Project("{2150E333-8FDC-42A3-9474-1A3956D46DE8}") = "Consumers", "Consumers", "{20B6E9B6-1BC0-4AC5-AA76-19F7C969E1C2}"
EndProject
Project("{2150E333-8FDC-42A3-9474-1A3956D46DE8}") = "Tests", "Tests", "{FC251745-FBD5-452C-875F-6F29A18CEB2F}"
EndProject
Project("{2150E333-8FDC-42A3-9474-1A3956D46DE8}") = "Domain", "Domain", "{512DB82C-4424-4CB0-A4E5-5A200CC327DE}"
EndProject
Project("{2150E333-8FDC-42A3-9474-1A3956D46DE8}") = "Application", "Application", "{0C527B34-A0E0-4E04-9E0C-1DFAFEF3449C}"
EndProject
Project("{2150E333-8FDC-42A3-9474-1A3956D46DE8}") = "Adapters", "Adapters", "{E9BCD805-6696-4782-AE33-51F17CF9338C}"
EndProject
Project("{FAE04EC0-301F-11D3-BF4B-00C04F79EFBC}") = "Data", "BookingService\Adapters\Data\Data.csproj", "{380428CB-DFED-4ED2-8951-44B3DBB8589C}"
EndProject
Project("{FAE04EC0-301F-11D3-BF4B-00C04F79EFBC}") = "Api", "BookingService\Consumers\Api\Api\Api.csproj", "{3504E0C4-93A9-49EE-B696-104D9CE97607}"
EndProject
Project("{FAE04EC0-301F-11D3-BF4B-00C04F79EFBC}") = "Application", "BookingService\Core\Application\Application\Application.csproj", "{3E6C7374-F8F5-4020-9BDE-55DBCCB50173}"
EndProject
Project("{FAE04EC0-301F-11D3-BF4B-00C04F79EFBC}") = "Domain", "BookingService\Core\Domain\Domain\Domain.csproj", "{47FFCDA1-8C05-4D69-A814-0DAC0BE7A026}"
EndProject
Project("{FAE04EC0-301F-11D3-BF4B-00C04F79EFBC}") = "AdapterTests", "BookingService\Tests\AdapterTests\AdapterTests.csproj", "{29BE9FD9-1F8A-444E-B4FF-A55781E0D0AD}"
EndProject
Project("{FAE04EC0-301F-11D3-BF4B-00C04F79EFBC}") = "ApplicationTests", "BookingService\Tests\ApplicationTests\ApplicationTests.csproj", "{F001406A-B817-4403-85B4-7D06D00B85C7}"
EndProject
Project("{FAE04EC0-301F-11D3-BF4B-00C04F79EFBC}") = "DomainTests", "BookingService\Tests\DomainTests\DomainTests.csproj", "{8557CBF4-53ED-4AE2-A89F-06A19B345010}"
EndProject
Global
	GlobalSection(SolutionConfigurationPlatforms) = preSolution
		Debug|Any CPU = Debug|Any CPU
		Release|Any CPU = Release|Any CPU
	EndGlobalSection
	GlobalSection(ProjectConfigurationPlatforms) = postSolution
		{380428CB-DFED-4ED2-8951-44B3DBB8589C}.Debug|Any CPU.ActiveCfg = Debug|Any CPU
		{380428CB-DFED-4ED2-8951-44B3DBB8589C}.Debug|Any CPU.Build.0 = Debug|Any CPU
		{380428CB-DFED-4ED2-8951-44B3DBB8589C}.Release|Any CPU.ActiveCfg = Release|Any CPU
		{380428CB-DFED-4ED2-8951-44B3DBB8589C}.Release|Any CPU.Build.0 = Release|Any CPU
		{3504E0C4-93A9-49EE-B696-104D9CE97607}.Debug|Any CPU.ActiveCfg = Debug|Any CPU
		{3504E0C4-93A9-49EE-B696-104D9CE97607}.Debug|Any CPU.Build.0 = Debug|Any CPU
		{3504E0C4-93A9-49EE-B696-104D9CE97607}.Release|Any CPU.ActiveCfg = Release|Any CPU
		{3504E0C4-93A9-49EE-B696-104D9CE97607}.Release|Any CPU.Build.0 = Release|Any CPU
		{3E6C7374-F8F5-4020-9BDE-55DBCCB50173}.Debug|Any CPU.ActiveCfg = Debug|Any CPU
		{3E6C7374-F8F5-4020-9BDE-55DBCCB50173}.Debug|Any CPU.Build.0 = Debug|Any CPU
		{3E6C7374-F8F5-4020-9BDE-55DBCCB50173}.Release|Any CPU.ActiveCfg = Release|Any CPU
		{3E6C7374-F8F5-4020-9BDE-55DBCCB50173}.Release|Any CPU.Build.0 = Release|Any CPU
		{47FFCDA1-8C05-4D69-A814-0DAC0BE7A026}.Debug|Any CPU.ActiveCfg = Debug|Any CPU
		{47FFCDA1-8C05-4D69-A814-0DAC0BE7A026}.Debug|Any CPU.Build.0 = Debug|Any CPU
		{47FFCDA1-8C05-4D69-A814-0DAC0BE7A026}.Release|Any CPU.ActiveCfg = Release|Any CPU
		{47FFCDA1-8C05-4D69-A814-0DAC0BE7A026}.Release|Any CPU.Build.0 = Release|Any CPU
		{29BE9FD9-1F8A-444E-B4FF-A55781E0D0AD}.Debug|Any CPU.ActiveCfg = Debug|Any CPU
		{29BE9FD9-1F8A-444E-B4FF-A55781E0D0AD}.Debug|Any CPU.Build.0 = Debug|Any CPU
		{29BE9FD9-1F8A-444E-B4FF-A55781E0D0AD}.Release|Any CPU.ActiveCfg = Release|Any CPU
		{29BE9FD9-1F8A-444E-B4FF-A55781E0D0AD}.Release|Any CPU.Build.0 = Release|Any CPU
		{F001406A-B817-4403-85B4-7D06D00B85C7}.Debug|Any CPU.ActiveCfg = Debug|Any CPU
		{F001406A-B817-4403-85B4-7D06D00B85C7}.Debug|Any CPU.Build.0 = Debug|Any CPU
		{F001406A-B817-4403-85B4-7D06D00B85C7}.Release|Any CPU.ActiveCfg = Release|Any CPU
		{F001406A-B817-4403-85B4-7D06D00B85C7}.Release|Any CPU.Build.0 = Release|Any CPU
		{8557CBF4-53ED-4AE2-A89F-06A19B345010}.Debug|Any CPU.ActiveCfg = Debug|Any CPU
		{8557CBF4-53ED-4AE2-A89F-06A19B345010}.Debug|Any CPU.Build.0 = Debug|Any CPU
		{8557CBF4-53ED-4AE2-A89F-06A19B345010}.Release|Any CPU.ActiveCfg = Release|Any CPU
		{8557CBF4-53ED-4AE2-A89F-06A19B345010}.Release|Any CPU.Build.0 = Release|Any CPU
	EndGlobalSection
	GlobalSection(SolutionProperties) = preSolution
		HideSolutionNode = FALSE
	EndGlobalSection
	GlobalSection(NestedProjects) = preSolution
		{9E8C58D0-E39D-4221-99EE-7686310C6A41} = {3AA99714-FA49-4BAB-A36A-DDF3C3E8544A}
		{F8704E35-0FD5-4FE6-81B2-092F4D890B07} = {9E8C58D0-E39D-4221-99EE-7686310C6A41}
		{E7B1DA56-27E4-4292-9B28-C95023C01A56} = {9E8C58D0-E39D-4221-99EE-7686310C6A41}
		{1EEFBDBE-40F5-45F9-94B0-CC718A4C6B5C} = {3AA99714-FA49-4BAB-A36A-DDF3C3E8544A}
		{20B6E9B6-1BC0-4AC5-AA76-19F7C969E1C2} = {3AA99714-FA49-4BAB-A36A-DDF3C3E8544A}
		{FC251745-FBD5-452C-875F-6F29A18CEB2F} = {3AA99714-FA49-4BAB-A36A-DDF3C3E8544A}
		{512DB82C-4424-4CB0-A4E5-5A200CC327DE} = {FC251745-FBD5-452C-875F-6F29A18CEB2F}
		{0C527B34-A0E0-4E04-9E0C-1DFAFEF3449C} = {FC251745-FBD5-452C-875F-6F29A18CEB2F}
		{E9BCD805-6696-4782-AE33-51F17CF9338C} = {FC251745-FBD5-452C-875F-6F29A18CEB2F}
		{380428CB-DFED-4ED2-8951-44B3DBB8589C} = {1EEFBDBE-40F5-45F9-94B0-CC718A4C6B5C}
		{3504E0C4-93A9-49EE-B696-104D9CE97607} = {20B6E9B6-1BC0-4AC5-AA76-19F7C969E1C2}
		{3E6C7374-F8F5-4020-9BDE-55DBCCB50173} = {E7B1DA56-27E4-4292-9B28-C95023C01A56}
		{47FFCDA1-8C05-4D69-A814-0DAC0BE7A026} = {F8704E35-0FD5-4FE6-81B2-092F4D890B07}
		{29BE9FD9-1F8A-444E-B4FF-A55781E0D0AD} = {E9BCD805-6696-4782-AE33-51F17CF9338C}
		{F001406A-B817-4403-85B4-7D06D00B85C7} = {0C527B34-A0E0-4E04-9E0C-1DFAFEF3449C}
		{8557CBF4-53ED-4AE2-A89F-06A19B345010} = {512DB82C-4424-4CB0-A4E5-5A200CC327DE}
	EndGlobalSection
	GlobalSection(ExtensibilityGlobals) = postSolution
		SolutionGuid = {7F64EAC4-EEEF-4E5F-9C91-A5FBF536E9E7}
	EndGlobalSection
EndGlobal
